
Microsoft Visual Studio Solution File, Format Version 12.00
# Visual Studio Version 17
VisualStudioVersion = 17.7.34031.279
MinimumVisualStudioVersion = 10.0.40219.1
Project("{FAE04EC0-301F-11D3-BF4B-00C04F79EFBC}") = "CsProfHomeWork8", "CsProfHomeWork8.csproj", "{47DAD624-3589-4B97-BCCF-D608E6CDB718}"
EndProject
Global
	GlobalSection(SolutionConfigurationPlatforms) = preSolution
		Debug|Any CPU = Debug|Any CPU
		Release|Any CPU = Release|Any CPU
	EndGlobalSection
	GlobalSection(ProjectConfigurationPlatforms) = postSolution
		{47DAD624-3589-4B97-BCCF-D608E6CDB718}.Debug|Any CPU.ActiveCfg = Debug|Any CPU
		{47DAD624-3589-4B97-BCCF-D608E6CDB718}.Debug|Any CPU.Build.0 = Debug|Any CPU
		{47DAD624-3589-4B97-BCCF-D608E6CDB718}.Release|Any CPU.ActiveCfg = Release|Any CPU
		{47DAD624-3589-4B97-BCCF-D608E6CDB718}.Release|Any CPU.Build.0 = Release|Any CPU
	EndGlobalSection
	GlobalSection(SolutionProperties) = preSolution
		HideSolutionNode = FALSE
	EndGlobalSection
	GlobalSection(ExtensibilityGlobals) = postSolution
		SolutionGuid = {0C72E5B2-CE08-47E8-B090-0CAF7131064F}
	EndGlobalSection
EndGlobal
